// !$*UTF8*$!
{
	archiveVersion = 1;
	classes = {
	};
	objectVersion = 50;
	objects = {

/* Begin PBXBuildFile section */
		AAD2FD752366E01700985858 /* AppDelegate.swift in Sources */ = {isa = PBXBuildFile; fileRef = AAD2FD742366E01700985858 /* AppDelegate.swift */; };
		AAD2FD772366E01700985858 /* SceneDelegate.swift in Sources */ = {isa = PBXBuildFile; fileRef = AAD2FD762366E01700985858 /* SceneDelegate.swift */; };
		AAD2FD792366E01700985858 /* TableViewController.swift in Sources */ = {isa = PBXBuildFile; fileRef = AAD2FD782366E01700985858 /* TableViewController.swift */; };
		AAD2FD7C2366E01700985858 /* Main.storyboard in Resources */ = {isa = PBXBuildFile; fileRef = AAD2FD7A2366E01700985858 /* Main.storyboard */; };
		AAD2FD7E2366E01700985858 /* Assets.xcassets in Resources */ = {isa = PBXBuildFile; fileRef = AAD2FD7D2366E01700985858 /* Assets.xcassets */; };
		AAD2FD812366E01700985858 /* LaunchScreen.storyboard in Resources */ = {isa = PBXBuildFile; fileRef = AAD2FD7F2366E01700985858 /* LaunchScreen.storyboard */; };
		AAD2FD892366E19F00985858 /* TextFieldViewController.swift in Sources */ = {isa = PBXBuildFile; fileRef = AAD2FD882366E19F00985858 /* TextFieldViewController.swift */; };
/* End PBXBuildFile section */

/* Begin PBXFileReference section */
		AAD2FD712366E01700985858 /* MyCombine.app */ = {isa = PBXFileReference; explicitFileType = wrapper.application; includeInIndex = 0; path = MyCombine.app; sourceTree = BUILT_PRODUCTS_DIR; };
		AAD2FD742366E01700985858 /* AppDelegate.swift */ = {isa = PBXFileReference; lastKnownFileType = sourcecode.swift; path = AppDelegate.swift; sourceTree = "<group>"; };
		AAD2FD762366E01700985858 /* SceneDelegate.swift */ = {isa = PBXFileReference; lastKnownFileType = sourcecode.swift; path = SceneDelegate.swift; sourceTree = "<group>"; };
		AAD2FD782366E01700985858 /* TableViewController.swift */ = {isa = PBXFileReference; lastKnownFileType = sourcecode.swift; path = TableViewController.swift; sourceTree = "<group>"; };
		AAD2FD7B2366E01700985858 /* Base */ = {isa = PBXFileReference; lastKnownFileType = file.storyboard; name = Base; path = Base.lproj/Main.storyboard; sourceTree = "<group>"; };
		AAD2FD7D2366E01700985858 /* Assets.xcassets */ = {isa = PBXFileReference; lastKnownFileType = folder.assetcatalog; path = Assets.xcassets; sourceTree = "<group>"; };
		AAD2FD802366E01700985858 /* Base */ = {isa = PBXFileReference; lastKnownFileType = file.storyboard; name = Base; path = Base.lproj/LaunchScreen.storyboard; sourceTree = "<group>"; };
		AAD2FD822366E01700985858 /* Info.plist */ = {isa = PBXFileReference; lastKnownFileType = text.plist.xml; path = Info.plist; sourceTree = "<group>"; };
		AAD2FD882366E19F00985858 /* TextFieldViewController.swift */ = {isa = PBXFileReference; lastKnownFileType = sourcecode.swift; path = TextFieldViewController.swift; sourceTree = "<group>"; };
		AAD2FD8A2366E51E00985858 /* MyPlayground.playground */ = {isa = PBXFileReference; lastKnownFileType = file.playground; path = MyPlayground.playground; sourceTree = "<group>"; xcLanguageSpecificationIdentifier = xcode.lang.swift; };
/* End PBXFileReference section */

/* Begin PBXFrameworksBuildPhase section */
		AAD2FD6E2366E01700985858 /* Frameworks */ = {
			isa = PBXFrameworksBuildPhase;
			buildActionMask = 2147483647;
			files = (
			);
			runOnlyForDeploymentPostprocessing = 0;
		};
/* End PBXFrameworksBuildPhase section */

/* Begin PBXGroup section */
		AAD2FD682366E01700985858 = {
			isa = PBXGroup;
			children = (
				AAD2FD732366E01700985858 /* MyCombine */,
				AAD2FD722366E01700985858 /* Products */,
			);
			sourceTree = "<group>";
		};
		AAD2FD722366E01700985858 /* Products */ = {
			isa = PBXGroup;
			children = (
				AAD2FD712366E01700985858 /* MyCombine.app */,
			);
			name = Products;
			sourceTree = "<group>";
		};
		AAD2FD732366E01700985858 /* MyCombine */ = {
			isa = PBXGroup;
			children = (
				AAD2FD742366E01700985858 /* AppDelegate.swift */,
				AAD2FD762366E01700985858 /* SceneDelegate.swift */,
				AAD2FD782366E01700985858 /* TableViewController.swift */,
				AAD2FD882366E19F00985858 /* TextFieldViewController.swift */,
				AAD2FD7A2366E01700985858 /* Main.storyboard */,
				AAD2FD7D2366E01700985858 /* Assets.xcassets */,
				AAD2FD7F2366E01700985858 /* LaunchScreen.storyboard */,
				AAD2FD822366E01700985858 /* Info.plist */,
				AAD2FD8A2366E51E00985858 /* MyPlayground.playground */,
			);
			path = MyCombine;
			sourceTree = "<group>";
		};
/* End PBXGroup section */

/* Begin PBXNativeTarget section */
		AAD2FD702366E01700985858 /* MyCombine */ = {
			isa = PBXNativeTarget;
			buildConfigurationList = AAD2FD852366E01700985858 /* Build configuration list for PBXNativeTarget "MyCombine" */;
			buildPhases = (
				AAD2FD6D2366E01700985858 /* Sources */,
				AAD2FD6E2366E01700985858 /* Frameworks */,
				AAD2FD6F2366E01700985858 /* Resources */,
			);
			buildRules = (
			);
			dependencies = (
			);
			name = MyCombine;
			productName = MyCombine;
			productReference = AAD2FD712366E01700985858 /* MyCombine.app */;
			productType = "com.apple.product-type.application";
		};
/* End PBXNativeTarget section */

/* Begin PBXProject section */
		AAD2FD692366E01700985858 /* Project object */ = {
			isa = PBXProject;
			attributes = {
				LastSwiftUpdateCheck = 1110;
				LastUpgradeCheck = 1110;
				ORGANIZATIONNAME = "Kakao Mobility";
				TargetAttributes = {
					AAD2FD702366E01700985858 = {
						CreatedOnToolsVersion = 11.1;
					};
				};
			};
			buildConfigurationList = AAD2FD6C2366E01700985858 /* Build configuration list for PBXProject "MyCombine" */;
			compatibilityVersion = "Xcode 9.3";
			developmentRegion = en;
			hasScannedForEncodings = 0;
			knownRegions = (
				en,
				Base,
			);
			mainGroup = AAD2FD682366E01700985858;
			productRefGroup = AAD2FD722366E01700985858 /* Products */;
			projectDirPath = "";
			projectRoot = "";
			targets = (
				AAD2FD702366E01700985858 /* MyCombine */,
			);
		};
/* End PBXProject section */

/* Begin PBXResourcesBuildPhase section */
		AAD2FD6F2366E01700985858 /* Resources */ = {
			isa = PBXResourcesBuildPhase;
			buildActionMask = 2147483647;
			files = (
				AAD2FD812366E01700985858 /* LaunchScreen.storyboard in Resources */,
				AAD2FD7E2366E01700985858 /* Assets.xcassets in Resources */,
				AAD2FD7C2366E01700985858 /* Main.storyboard in Resources */,
			);
			runOnlyForDeploymentPostprocessing = 0;
		};
/* End PBXResourcesBuildPhase section */

/* Begin PBXSourcesBuildPhase section */
		AAD2FD6D2366E01700985858 /* Sources */ = {
			isa = PBXSourcesBuildPhase;
			buildActionMask = 2147483647;
			files = (
				AAD2FD892366E19F00985858 /* TextFieldViewController.swift in Sources */,
				AAD2FD792366E01700985858 /* TableViewController.swift in Sources */,
				AAD2FD752366E01700985858 /* AppDelegate.swift in Sources */,
				AAD2FD772366E01700985858 /* SceneDelegate.swift in Sources */,
			);
			runOnlyForDeploymentPostprocessing = 0;
		};
/* End PBXSourcesBuildPhase section */

/* Begin PBXVariantGroup section */
		AAD2FD7A2366E01700985858 /* Main.storyboard */ = {
			isa = PBXVariantGroup;
			children = (
				AAD2FD7B2366E01700985858 /* Base */,
			);
			name = Main.storyboard;
			sourceTree = "<group>";
		};
		AAD2FD7F2366E01700985858 /* LaunchScreen.storyboard */ = {
			isa = PBXVariantGroup;
			children = (
				AAD2FD802366E01700985858 /* Base */,
			);
			name = LaunchScreen.storyboard;
			sourceTree = "<group>";
		};
/* End PBXVariantGroup section */

/* Begin XCBuildConfiguration section */
		AAD2FD832366E01700985858 /* Debug */ = {
			isa = XCBuildConfiguration;
			buildSettings = {
				ALWAYS_SEARCH_USER_PATHS = NO;
				CLANG_ANALYZER_NONNULL = YES;
				CLANG_ANALYZER_NUMBER_OBJECT_CONVERSION = YES_AGGRESSIVE;
				CLANG_CXX_LANGUAGE_STANDARD = "gnu++14";
				CLANG_CXX_LIBRARY = "libc++";
				CLANG_ENABLE_MODULES = YES;
				CLANG_ENABLE_OBJC_ARC = YES;
				CLANG_ENABLE_OBJC_WEAK = YES;
				CLANG_WARN_BLOCK_CAPTURE_AUTORELEASING = YES;
				CLANG_WARN_BOOL_CONVERSION = YES;
				CLANG_WARN_COMMA = YES;
				CLANG_WARN_CONSTANT_CONVERSION = YES;
				CLANG_WARN_DEPRECATED_OBJC_IMPLEMENTATIONS = YES;
				CLANG_WARN_DIRECT_OBJC_ISA_USAGE = YES_ERROR;
				CLANG_WARN_DOCUMENTATION_COMMENTS = YES;
				CLANG_WARN_EMPTY_BODY = YES;
				CLANG_WARN_ENUM_CONVERSION = YES;
				CLANG_WARN_INFINITE_RECURSION = YES;
				CLANG_WARN_INT_CONVERSION = YES;
				CLANG_WARN_NON_LITERAL_NULL_CONVERSION = YES;
				CLANG_WARN_OBJC_IMPLICIT_RETAIN_SELF = YES;
				CLANG_WARN_OBJC_LITERAL_CONVERSION = YES;
				CLANG_WARN_OBJC_ROOT_CLASS = YES_ERROR;
				CLANG_WARN_RANGE_LOOP_ANALYSIS = YES;
				CLANG_WARN_STRICT_PROTOTYPES = YES;
				CLANG_WARN_SUSPICIOUS_MOVE = YES;
				CLANG_WARN_UNGUARDED_AVAILABILITY = YES_AGGRESSIVE;
				CLANG_WARN_UNREACHABLE_CODE = YES;
				CLANG_WARN__DUPLICATE_METHOD_MATCH = YES;
				COPY_PHASE_STRIP = NO;
				DEBUG_INFORMATION_FORMAT = dwarf;
				ENABLE_STRICT_OBJC_MSGSEND = YES;
				ENABLE_TESTABILITY = YES;
				GCC_C_LANGUAGE_STANDARD = gnu11;
				GCC_DYNAMIC_NO_PIC = NO;
				GCC_NO_COMMON_BLOCKS = YES;
				GCC_OPTIMIZATION_LEVEL = 0;
				GCC_PREPROCESSOR_DEFINITIONS = (
					"DEBUG=1",
					"$(inherited)",
				);
				GCC_WARN_64_TO_32_BIT_CONVERSION = YES;
				GCC_WARN_ABOUT_RETURN_TYPE = YES_ERROR;
				GCC_WARN_UNDECLARED_SELECTOR = YES;
				GCC_WARN_UNINITIALIZED_AUTOS = YES_AGGRESSIVE;
				GCC_WARN_UNUSED_FUNCTION = YES;
				GCC_WARN_UNUSED_VARIABLE = YES;
				IPHONEOS_DEPLOYMENT_TARGET = 13.1;
				MTL_ENABLE_DEBUG_INFO = INCLUDE_SOURCE;
				MTL_FAST_MATH = YES;
				ONLY_ACTIVE_ARCH = YES;
				SDKROOT = iphoneos;
				SWIFT_ACTIVE_COMPILATION_CONDITIONS = DEBUG;
				SWIFT_OPTIMIZATION_LEVEL = "-Onone";
			};
			name = Debug;
		};
		AAD2FD842366E01700985858 /* Release */ = {
			isa = XCBuildConfiguration;
			buildSettings = {
				ALWAYS_SEARCH_USER_PATHS = NO;
				CLANG_ANALYZER_NONNULL = YES;
				CLANG_ANALYZER_NUMBER_OBJECT_CONVERSION = YES_AGGRESSIVE;
				CLANG_CXX_LANGUAGE_STANDARD = "gnu++14";
				CLANG_CXX_LIBRARY = "libc++";
				CLANG_ENABLE_MODULES = YES;
				CLANG_ENABLE_OBJC_ARC = YES;
				CLANG_ENABLE_OBJC_WEAK = YES;
				CLANG_WARN_BLOCK_CAPTURE_AUTORELEASING = YES;
				CLANG_WARN_BOOL_CONVERSION = YES;
				CLANG_WARN_COMMA = YES;
				CLANG_WARN_CONSTANT_CONVERSION = YES;
				CLANG_WARN_DEPRECATED_OBJC_IMPLEMENTATIONS = YES;
				CLANG_WARN_DIRECT_OBJC_ISA_USAGE = YES_ERROR;
				CLANG_WARN_DOCUMENTATION_COMMENTS = YES;
				CLANG_WARN_EMPTY_BODY = YES;
				CLANG_WARN_ENUM_CONVERSION = YES;
				CLANG_WARN_INFINITE_RECURSION = YES;
				CLANG_WARN_INT_CONVERSION = YES;
				CLANG_WARN_NON_LITERAL_NULL_CONVERSION = YES;
				CLANG_WARN_OBJC_IMPLICIT_RETAIN_SELF = YES;
				CLANG_WARN_OBJC_LITERAL_CONVERSION = YES;
				CLANG_WARN_OBJC_ROOT_CLASS = YES_ERROR;
				CLANG_WARN_RANGE_LOOP_ANALYSIS = YES;
				CLANG_WARN_STRICT_PROTOTYPES = YES;
				CLANG_WARN_SUSPICIOUS_MOVE = YES;
				CLANG_WARN_UNGUARDED_AVAILABILITY = YES_AGGRESSIVE;
				CLANG_WARN_UNREACHABLE_CODE = YES;
				CLANG_WARN__DUPLICATE_METHOD_MATCH = YES;
				COPY_PHASE_STRIP = NO;
				DEBUG_INFORMATION_FORMAT = "dwarf-with-dsym";
				ENABLE_NS_ASSERTIONS = NO;
				ENABLE_STRICT_OBJC_MSGSEND = YES;
				GCC_C_LANGUAGE_STANDARD = gnu11;
				GCC_NO_COMMON_BLOCKS = YES;
				GCC_WARN_64_TO_32_BIT_CONVERSION = YES;
				GCC_WARN_ABOUT_RETURN_TYPE = YES_ERROR;
				GCC_WARN_UNDECLARED_SELECTOR = YES;
				GCC_WARN_UNINITIALIZED_AUTOS = YES_AGGRESSIVE;
				GCC_WARN_UNUSED_FUNCTION = YES;
				GCC_WARN_UNUSED_VARIABLE = YES;
				IPHONEOS_DEPLOYMENT_TARGET = 13.1;
				MTL_ENABLE_DEBUG_INFO = NO;
				MTL_FAST_MATH = YES;
				SDKROOT = iphoneos;
				SWIFT_COMPILATION_MODE = wholemodule;
				SWIFT_OPTIMIZATION_LEVEL = "-O";
				VALIDATE_PRODUCT = YES;
			};
			name = Release;
		};
		AAD2FD862366E01700985858 /* Debug */ = {
			isa = XCBuildConfiguration;
			buildSettings = {
				ASSETCATALOG_COMPILER_APPICON_NAME = AppIcon;
				CODE_SIGN_STYLE = Automatic;
				DEVELOPMENT_TEAM = 68B4J5F23V;
				INFOPLIST_FILE = MyCombine/Info.plist;
				LD_RUNPATH_SEARCH_PATHS = (
					"$(inherited)",
					"@executable_path/Frameworks",
				);
				PRODUCT_BUNDLE_IDENTIFIER = com.kakaomobility.MyCombine;
				PRODUCT_NAME = "$(TARGET_NAME)";
				SWIFT_VERSION = 5.0;
				TARGETED_DEVICE_FAMILY = "1,2";
			};
			name = Debug;
		};
		AAD2FD872366E01700985858 /* Release */ = {
			isa = XCBuildConfiguration;
			buildSettings = {
				ASSETCATALOG_COMPILER_APPICON_NAME = AppIcon;
				CODE_SIGN_STYLE = Automatic;
				DEVELOPMENT_TEAM = 68B4J5F23V;
				INFOPLIST_FILE = MyCombine/Info.plist;
				LD_RUNPATH_SEARCH_PATHS = (
					"$(inherited)",
					"@executable_path/Frameworks",
				);
				PRODUCT_BUNDLE_IDENTIFIER = com.kakaomobility.MyCombine;
				PRODUCT_NAME = "$(TARGET_NAME)";
				SWIFT_VERSION = 5.0;
				TARGETED_DEVICE_FAMILY = "1,2";
			};
			name = Release;
		};
/* End XCBuildConfiguration section */

/* Begin XCConfigurationList section */
		AAD2FD6C2366E01700985858 /* Build configuration list for PBXProject "MyCombine" */ = {
			isa = XCConfigurationList;
			buildConfigurations = (
				AAD2FD832366E01700985858 /* Debug */,
				AAD2FD842366E01700985858 /* Release */,
			);
			defaultConfigurationIsVisible = 0;
			defaultConfigurationName = Release;
		};
		AAD2FD852366E01700985858 /* Build configuration list for PBXNativeTarget "MyCombine" */ = {
			isa = XCConfigurationList;
			buildConfigurations = (
				AAD2FD862366E01700985858 /* Debug */,
				AAD2FD872366E01700985858 /* Release */,
			);
			defaultConfigurationIsVisible = 0;
			defaultConfigurationName = Release;
		};
/* End XCConfigurationList section */
	};
	rootObject = AAD2FD692366E01700985858 /* Project object */;
}
